
Microsoft Visual Studio Solution File, Format Version 12.00
# Visual Studio Version 17
VisualStudioVersion = 17.2.32526.322
MinimumVisualStudioVersion = 10.0.40219.1
Project("{FAE04EC0-301F-11D3-BF4B-00C04F79EFBC}") = "ProductSaling.Core", "ProductSaling.Core\ProductSaling.Core.csproj", "{BFA2E64C-5463-4893-9710-C26C3BBF4A13}"
EndProject
Project("{FAE04EC0-301F-11D3-BF4B-00C04F79EFBC}") = "ProductSaling.Data", "ProductSaling.Data\ProductSaling.Data.csproj", "{4E3D9045-433F-496F-A9BF-7D6D49F644BD}"
EndProject
Project("{FAE04EC0-301F-11D3-BF4B-00C04F79EFBC}") = "ProductSaling.API", "ProductSaling.API\ProductSaling.API.csproj", "{EF54FB6F-2DE5-4E62-8CE6-3B04C080985F}"
EndProject
Global
	GlobalSection(SolutionConfigurationPlatforms) = preSolution
		Debug|Any CPU = Debug|Any CPU
		Release|Any CPU = Release|Any CPU
	EndGlobalSection
	GlobalSection(ProjectConfigurationPlatforms) = postSolution
		{BFA2E64C-5463-4893-9710-C26C3BBF4A13}.Debug|Any CPU.ActiveCfg = Debug|Any CPU
		{BFA2E64C-5463-4893-9710-C26C3BBF4A13}.Debug|Any CPU.Build.0 = Debug|Any CPU
		{BFA2E64C-5463-4893-9710-C26C3BBF4A13}.Release|Any CPU.ActiveCfg = Release|Any CPU
		{BFA2E64C-5463-4893-9710-C26C3BBF4A13}.Release|Any CPU.Build.0 = Release|Any CPU
		{4E3D9045-433F-496F-A9BF-7D6D49F644BD}.Debug|Any CPU.ActiveCfg = Debug|Any CPU
		{4E3D9045-433F-496F-A9BF-7D6D49F644BD}.Debug|Any CPU.Build.0 = Debug|Any CPU
		{4E3D9045-433F-496F-A9BF-7D6D49F644BD}.Release|Any CPU.ActiveCfg = Release|Any CPU
		{4E3D9045-433F-496F-A9BF-7D6D49F644BD}.Release|Any CPU.Build.0 = Release|Any CPU
		{EF54FB6F-2DE5-4E62-8CE6-3B04C080985F}.Debug|Any CPU.ActiveCfg = Debug|Any CPU
		{EF54FB6F-2DE5-4E62-8CE6-3B04C080985F}.Debug|Any CPU.Build.0 = Debug|Any CPU
		{EF54FB6F-2DE5-4E62-8CE6-3B04C080985F}.Release|Any CPU.ActiveCfg = Release|Any CPU
		{EF54FB6F-2DE5-4E62-8CE6-3B04C080985F}.Release|Any CPU.Build.0 = Release|Any CPU
	EndGlobalSection
	GlobalSection(SolutionProperties) = preSolution
		HideSolutionNode = FALSE
	EndGlobalSection
	GlobalSection(ExtensibilityGlobals) = postSolution
		SolutionGuid = {6A68B0AC-4604-4E35-BE37-C30DC8FF6C63}
	EndGlobalSection
EndGlobal
